
Microsoft Visual Studio Solution File, Format Version 12.00
Project("{2150E333-8FDC-42A3-9474-1A3956D46DE8}") = "DataProviders", "DataProviders", "{3A121E45-D74E-4CFA-9B12-86C237E92442}"
EndProject
Project("{2150E333-8FDC-42A3-9474-1A3956D46DE8}") = "Domain", "Domain", "{10A42973-69E9-4489-B227-D3D99B8618DB}"
EndProject
Project("{2150E333-8FDC-42A3-9474-1A3956D46DE8}") = "EntryPoints", "EntryPoints", "{15CAE7FB-77BB-4FDD-9C4C-9B694CFEBAB2}"
EndProject
Project("{2150E333-8FDC-42A3-9474-1A3956D46DE8}") = "UnitTests", "UnitTests", "{D7BFE03F-4112-45EA-929B-02239CE81CF4}"
EndProject
Project("{FAE04EC0-301F-11D3-BF4B-00C04F79EFBC}") = "UniversiteDomain", "UniversiteDomain\UniversiteDomain.csproj", "{8F48050F-4425-4FA1-A0B1-1908636B2585}"
EndProject
Global
	GlobalSection(SolutionConfigurationPlatforms) = preSolution
		Debug|Any CPU = Debug|Any CPU
		Release|Any CPU = Release|Any CPU
	EndGlobalSection
	GlobalSection(ProjectConfigurationPlatforms) = postSolution
		{8F48050F-4425-4FA1-A0B1-1908636B2585}.Debug|Any CPU.ActiveCfg = Debug|Any CPU
		{8F48050F-4425-4FA1-A0B1-1908636B2585}.Debug|Any CPU.Build.0 = Debug|Any CPU
		{8F48050F-4425-4FA1-A0B1-1908636B2585}.Release|Any CPU.ActiveCfg = Release|Any CPU
		{8F48050F-4425-4FA1-A0B1-1908636B2585}.Release|Any CPU.Build.0 = Release|Any CPU
	EndGlobalSection
EndGlobal
