
Microsoft Visual Studio Solution File, Format Version 12.00
Project("{2150E333-8FDC-42A3-9474-1A3956D46DE8}") = "DataProviders", "DataProviders", "{3A121E45-D74E-4CFA-9B12-86C237E92442}"
EndProject
Project("{2150E333-8FDC-42A3-9474-1A3956D46DE8}") = "Domain", "Domain", "{10A42973-69E9-4489-B227-D3D99B8618DB}"
EndProject
Project("{2150E333-8FDC-42A3-9474-1A3956D46DE8}") = "EntryPoints", "EntryPoints", "{15CAE7FB-77BB-4FDD-9C4C-9B694CFEBAB2}"
EndProject
Project("{2150E333-8FDC-42A3-9474-1A3956D46DE8}") = "UnitTests", "UnitTests", "{D7BFE03F-4112-45EA-929B-02239CE81CF4}"
EndProject
Project("{FAE04EC0-301F-11D3-BF4B-00C04F79EFBC}") = "UniversiteDomain", "UniversiteDomain\UniversiteDomain.csproj", "{C5410DCB-0665-4E73-BAD7-59053D653B90}"
EndProject
Project("{FAE04EC0-301F-11D3-BF4B-00C04F79EFBC}") = "UniversiteDomainUnitTest", "UniversiteDomainUnitTest\UniversiteDomainUnitTest.csproj", "{7E04FD14-D810-4C1E-A21D-A3B49AEED68B}"
EndProject
Project("{FAE04EC0-301F-11D3-BF4B-00C04F79EFBC}") = "UniversiteEFDataProvider", "UniversiteEFDataProvider\UniversiteEFDataProvider.csproj", "{9DF12348-BB99-4655-B6BF-073ECE93E0C9}"
EndProject
Project("{FAE04EC0-301F-11D3-BF4B-00C04F79EFBC}") = "UniversiteRestApi", "UniversiteRestApi\UniversiteRestApi.csproj", "{09B3A2E0-499E-4835-8FA3-21BAB3F391E1}"
EndProject
Global
	GlobalSection(SolutionConfigurationPlatforms) = preSolution
		Debug|Any CPU = Debug|Any CPU
		Release|Any CPU = Release|Any CPU
	EndGlobalSection
	GlobalSection(ProjectConfigurationPlatforms) = postSolution
		{C5410DCB-0665-4E73-BAD7-59053D653B90}.Debug|Any CPU.ActiveCfg = Debug|Any CPU
		{C5410DCB-0665-4E73-BAD7-59053D653B90}.Debug|Any CPU.Build.0 = Debug|Any CPU
		{C5410DCB-0665-4E73-BAD7-59053D653B90}.Release|Any CPU.ActiveCfg = Release|Any CPU
		{C5410DCB-0665-4E73-BAD7-59053D653B90}.Release|Any CPU.Build.0 = Release|Any CPU
		{7E04FD14-D810-4C1E-A21D-A3B49AEED68B}.Debug|Any CPU.ActiveCfg = Debug|Any CPU
		{7E04FD14-D810-4C1E-A21D-A3B49AEED68B}.Debug|Any CPU.Build.0 = Debug|Any CPU
		{7E04FD14-D810-4C1E-A21D-A3B49AEED68B}.Release|Any CPU.ActiveCfg = Release|Any CPU
		{7E04FD14-D810-4C1E-A21D-A3B49AEED68B}.Release|Any CPU.Build.0 = Release|Any CPU
		{9DF12348-BB99-4655-B6BF-073ECE93E0C9}.Debug|Any CPU.ActiveCfg = Debug|Any CPU
		{9DF12348-BB99-4655-B6BF-073ECE93E0C9}.Debug|Any CPU.Build.0 = Debug|Any CPU
		{9DF12348-BB99-4655-B6BF-073ECE93E0C9}.Release|Any CPU.ActiveCfg = Release|Any CPU
		{9DF12348-BB99-4655-B6BF-073ECE93E0C9}.Release|Any CPU.Build.0 = Release|Any CPU
		{09B3A2E0-499E-4835-8FA3-21BAB3F391E1}.Debug|Any CPU.ActiveCfg = Debug|Any CPU
		{09B3A2E0-499E-4835-8FA3-21BAB3F391E1}.Debug|Any CPU.Build.0 = Debug|Any CPU
		{09B3A2E0-499E-4835-8FA3-21BAB3F391E1}.Release|Any CPU.ActiveCfg = Release|Any CPU
		{09B3A2E0-499E-4835-8FA3-21BAB3F391E1}.Release|Any CPU.Build.0 = Release|Any CPU
	EndGlobalSection
	GlobalSection(NestedProjects) = preSolution
		{C5410DCB-0665-4E73-BAD7-59053D653B90} = {10A42973-69E9-4489-B227-D3D99B8618DB}
		{7E04FD14-D810-4C1E-A21D-A3B49AEED68B} = {D7BFE03F-4112-45EA-929B-02239CE81CF4}
		{9DF12348-BB99-4655-B6BF-073ECE93E0C9} = {3A121E45-D74E-4CFA-9B12-86C237E92442}
		{09B3A2E0-499E-4835-8FA3-21BAB3F391E1} = {15CAE7FB-77BB-4FDD-9C4C-9B694CFEBAB2}
	EndGlobalSection
EndGlobal
